
Microsoft Visual Studio Solution File, Format Version 12.00
# Visual Studio Version 16
VisualStudioVersion = 16.0.31702.278
MinimumVisualStudioVersion = 10.0.40219.1
Project("{FAE04EC0-301F-11D3-BF4B-00C04F79EFBC}") = "LinkedList", "LinkedList.csproj", "{AF90003B-D03A-4D8B-A277-B8B246D45A19}"
EndProject
Global
	GlobalSection(SolutionConfigurationPlatforms) = preSolution
		Debug|Any CPU = Debug|Any CPU
		Release|Any CPU = Release|Any CPU
	EndGlobalSection
	GlobalSection(ProjectConfigurationPlatforms) = postSolution
		{AF90003B-D03A-4D8B-A277-B8B246D45A19}.Debug|Any CPU.ActiveCfg = Debug|Any CPU
		{AF90003B-D03A-4D8B-A277-B8B246D45A19}.Debug|Any CPU.Build.0 = Debug|Any CPU
		{AF90003B-D03A-4D8B-A277-B8B246D45A19}.Release|Any CPU.ActiveCfg = Release|Any CPU
		{AF90003B-D03A-4D8B-A277-B8B246D45A19}.Release|Any CPU.Build.0 = Release|Any CPU
	EndGlobalSection
	GlobalSection(SolutionProperties) = preSolution
		HideSolutionNode = FALSE
	EndGlobalSection
	GlobalSection(ExtensibilityGlobals) = postSolution
		SolutionGuid = {75A066CB-0F14-4F39-B5C7-3A49E5EF4C1F}
	EndGlobalSection
EndGlobal
